<?xml version="1.0" encoding="UTF-8"?>
<Project ToolsVersion="12.0" xmlns="http://schemas.microsoft.com/developer/msbuild/2003">
  <ItemGroup>
    <ClCompile Include="E:\GitCode\Libyuv_Test\src\source\compare.cc">
      <Filter>Source Files</Filter>
    </ClCompile>
    <ClCompile Include="E:\GitCode\Libyuv_Test\src\source\compare_common.cc">
      <Filter>Source Files</Filter>
    </ClCompile>
    <ClCompile Include="E:\GitCode\Libyuv_Test\src\source\compare_neon.cc">
      <Filter>Source Files</Filter>
    </ClCompile>
    <ClCompile Include="E:\GitCode\Libyuv_Test\src\source\compare_gcc.cc">
      <Filter>Source Files</Filter>
    </ClCompile>
    <ClCompile Include="E:\GitCode\Libyuv_Test\src\source\compare_win.cc">
      <Filter>Source Files</Filter>
    </ClCompile>
    <ClCompile Include="E:\GitCode\Libyuv_Test\src\source\convert.cc">
      <Filter>Source Files</Filter>
    </ClCompile>
    <ClCompile Include="E:\GitCode\Libyuv_Test\src\source\convert_argb.cc">
      <Filter>Source Files</Filter>
    </ClCompile>
    <ClCompile Include="E:\GitCode\Libyuv_Test\src\source\convert_from.cc">
      <Filter>Source Files</Filter>
    </ClCompile>
    <ClCompile Include="E:\GitCode\Libyuv_Test\src\source\convert_from_argb.cc">
      <Filter>Source Files</Filter>
    </ClCompile>
    <ClCompile Include="E:\GitCode\Libyuv_Test\src\source\convert_jpeg.cc">
      <Filter>Source Files</Filter>
    </ClCompile>
    <ClCompile Include="E:\GitCode\Libyuv_Test\src\source\convert_to_argb.cc">
      <Filter>Source Files</Filter>
    </ClCompile>
    <ClCompile Include="E:\GitCode\Libyuv_Test\src\source\convert_to_i420.cc">
      <Filter>Source Files</Filter>
    </ClCompile>
    <ClCompile Include="E:\GitCode\Libyuv_Test\src\source\cpu_id.cc">
      <Filter>Source Files</Filter>
    </ClCompile>
    <ClCompile Include="E:\GitCode\Libyuv_Test\src\source\mjpeg_decoder.cc">
      <Filter>Source Files</Filter>
    </ClCompile>
    <ClCompile Include="E:\GitCode\Libyuv_Test\src\source\mjpeg_validate.cc">
      <Filter>Source Files</Filter>
    </ClCompile>
    <ClCompile Include="E:\GitCode\Libyuv_Test\src\source\planar_functions.cc">
      <Filter>Source Files</Filter>
    </ClCompile>
    <ClCompile Include="E:\GitCode\Libyuv_Test\src\source\rotate.cc">
      <Filter>Source Files</Filter>
    </ClCompile>
    <ClCompile Include="E:\GitCode\Libyuv_Test\src\source\rotate_argb.cc">
      <Filter>Source Files</Filter>
    </ClCompile>
    <ClCompile Include="E:\GitCode\Libyuv_Test\src\source\rotate_mips.cc">
      <Filter>Source Files</Filter>
    </ClCompile>
    <ClCompile Include="E:\GitCode\Libyuv_Test\src\source\rotate_neon.cc">
      <Filter>Source Files</Filter>
    </ClCompile>
    <ClCompile Include="E:\GitCode\Libyuv_Test\src\source\row_any.cc">
      <Filter>Source Files</Filter>
    </ClCompile>
    <ClCompile Include="E:\GitCode\Libyuv_Test\src\source\row_common.cc">
      <Filter>Source Files</Filter>
    </ClCompile>
    <ClCompile Include="E:\GitCode\Libyuv_Test\src\source\row_mips.cc">
      <Filter>Source Files</Filter>
    </ClCompile>
    <ClCompile Include="E:\GitCode\Libyuv_Test\src\source\row_neon.cc">
      <Filter>Source Files</Filter>
    </ClCompile>
    <ClCompile Include="E:\GitCode\Libyuv_Test\src\source\row_gcc.cc">
      <Filter>Source Files</Filter>
    </ClCompile>
    <ClCompile Include="E:\GitCode\Libyuv_Test\src\source\row_win.cc">
      <Filter>Source Files</Filter>
    </ClCompile>
    <ClCompile Include="E:\GitCode\Libyuv_Test\src\source\scale.cc">
      <Filter>Source Files</Filter>
    </ClCompile>
    <ClCompile Include="E:\GitCode\Libyuv_Test\src\source\scale_any.cc">
      <Filter>Source Files</Filter>
    </ClCompile>
    <ClCompile Include="E:\GitCode\Libyuv_Test\src\source\scale_argb.cc">
      <Filter>Source Files</Filter>
    </ClCompile>
    <ClCompile Include="E:\GitCode\Libyuv_Test\src\source\scale_common.cc">
      <Filter>Source Files</Filter>
    </ClCompile>
    <ClCompile Include="E:\GitCode\Libyuv_Test\src\source\scale_mips.cc">
      <Filter>Source Files</Filter>
    </ClCompile>
    <ClCompile Include="E:\GitCode\Libyuv_Test\src\source\scale_neon.cc">
      <Filter>Source Files</Filter>
    </ClCompile>
    <ClCompile Include="E:\GitCode\Libyuv_Test\src\source\scale_gcc.cc">
      <Filter>Source Files</Filter>
    </ClCompile>
    <ClCompile Include="E:\GitCode\Libyuv_Test\src\source\scale_win.cc">
      <Filter>Source Files</Filter>
    </ClCompile>
    <ClCompile Include="E:\GitCode\Libyuv_Test\src\source\video_common.cc">
      <Filter>Source Files</Filter>
    </ClCompile>
  </ItemGroup>
  <ItemGroup>
    <CustomBuild Include="E:\GitCode\Libyuv_Test\src\CMakeLists.txt" />
  </ItemGroup>
  <ItemGroup>
    <Filter Include="Source Files">
      <UniqueIdentifier>{86F45D82-066A-4CFC-8C56-BDD46EF7FF27}</UniqueIdentifier>
    </Filter>
  </ItemGroup>
</Project>
